
Microsoft Visual Studio Solution File, Format Version 12.00
# Visual Studio Version 17
VisualStudioVersion = 17.1.31911.260
MinimumVisualStudioVersion = 10.0.40219.1
Project("{FAE04EC0-301F-11D3-BF4B-00C04F79EFBC}") = "WebApp", "WebApp\WebApp.csproj", "{F04D62CA-3B3A-4C44-A315-0000D385FA65}"
EndProject
Project("{FAE04EC0-301F-11D3-BF4B-00C04F79EFBC}") = "UseCases", "UseCases\UseCases.csproj", "{96956763-ABCC-4B4B-ADD5-D8B4D9EB128B}"
EndProject
Project("{FAE04EC0-301F-11D3-BF4B-00C04F79EFBC}") = "CoreBusiness", "CoreBusiness\CoreBusiness.csproj", "{2334F721-344A-4FB5-90D9-69A8514F00AB}"
EndProject
Project("{FAE04EC0-301F-11D3-BF4B-00C04F79EFBC}") = "Plugin.DataStore.InMemory", "Plugin.DataStore.InMemory\Plugin.DataStore.InMemory.csproj", "{E1DBFFE3-193A-44D4-9564-F2DCCEAA1CFA}"
EndProject
Global
	GlobalSection(SolutionConfigurationPlatforms) = preSolution
		Debug|Any CPU = Debug|Any CPU
		Release|Any CPU = Release|Any CPU
	EndGlobalSection
	GlobalSection(ProjectConfigurationPlatforms) = postSolution
		{F04D62CA-3B3A-4C44-A315-0000D385FA65}.Debug|Any CPU.ActiveCfg = Debug|Any CPU
		{F04D62CA-3B3A-4C44-A315-0000D385FA65}.Debug|Any CPU.Build.0 = Debug|Any CPU
		{F04D62CA-3B3A-4C44-A315-0000D385FA65}.Release|Any CPU.ActiveCfg = Release|Any CPU
		{F04D62CA-3B3A-4C44-A315-0000D385FA65}.Release|Any CPU.Build.0 = Release|Any CPU
		{96956763-ABCC-4B4B-ADD5-D8B4D9EB128B}.Debug|Any CPU.ActiveCfg = Debug|Any CPU
		{96956763-ABCC-4B4B-ADD5-D8B4D9EB128B}.Debug|Any CPU.Build.0 = Debug|Any CPU
		{96956763-ABCC-4B4B-ADD5-D8B4D9EB128B}.Release|Any CPU.ActiveCfg = Release|Any CPU
		{96956763-ABCC-4B4B-ADD5-D8B4D9EB128B}.Release|Any CPU.Build.0 = Release|Any CPU
		{2334F721-344A-4FB5-90D9-69A8514F00AB}.Debug|Any CPU.ActiveCfg = Debug|Any CPU
		{2334F721-344A-4FB5-90D9-69A8514F00AB}.Debug|Any CPU.Build.0 = Debug|Any CPU
		{2334F721-344A-4FB5-90D9-69A8514F00AB}.Release|Any CPU.ActiveCfg = Release|Any CPU
		{2334F721-344A-4FB5-90D9-69A8514F00AB}.Release|Any CPU.Build.0 = Release|Any CPU
		{E1DBFFE3-193A-44D4-9564-F2DCCEAA1CFA}.Debug|Any CPU.ActiveCfg = Debug|Any CPU
		{E1DBFFE3-193A-44D4-9564-F2DCCEAA1CFA}.Debug|Any CPU.Build.0 = Debug|Any CPU
		{E1DBFFE3-193A-44D4-9564-F2DCCEAA1CFA}.Release|Any CPU.ActiveCfg = Release|Any CPU
		{E1DBFFE3-193A-44D4-9564-F2DCCEAA1CFA}.Release|Any CPU.Build.0 = Release|Any CPU
	EndGlobalSection
	GlobalSection(SolutionProperties) = preSolution
		HideSolutionNode = FALSE
	EndGlobalSection
	GlobalSection(ExtensibilityGlobals) = postSolution
		SolutionGuid = {1452DE1F-6E2C-423D-B1EA-4DDA48AB6A3F}
	EndGlobalSection
EndGlobal
